// !$*UTF8*$!
{
	archiveVersion = 1;
	classes = {
	};
	objectVersion = 55;
	objects = {

/* Begin PBXBuildFile section */
		4D2E074B2846BF900031D825 /* DeletePrompt.swift in Sources */ = {isa = PBXBuildFile; fileRef = 4D2E074A2846BF900031D825 /* DeletePrompt.swift */; };
		4D2E07542846D9A80031D825 /* DrillDetail.swift in Sources */ = {isa = PBXBuildFile; fileRef = 4D2E07532846D9A80031D825 /* DrillDetail.swift */; };
		4D5605312848048700F8EEAC /* OpeningsView.swift in Sources */ = {isa = PBXBuildFile; fileRef = 4D5605302848048700F8EEAC /* OpeningsView.swift */; };
		4D560534284804AB00F8EEAC /* HolesView.swift in Sources */ = {isa = PBXBuildFile; fileRef = 4D560533284804AB00F8EEAC /* HolesView.swift */; };
		4D560536284805D900F8EEAC /* Hole.swift in Sources */ = {isa = PBXBuildFile; fileRef = 4D560535284805D900F8EEAC /* Hole.swift */; };
		4D560538284805E900F8EEAC /* Openings.swift in Sources */ = {isa = PBXBuildFile; fileRef = 4D560537284805E900F8EEAC /* Openings.swift */; };
		4D56053A2848105600F8EEAC /* OpeningsSidebar.swift in Sources */ = {isa = PBXBuildFile; fileRef = 4D5605392848105600F8EEAC /* OpeningsSidebar.swift */; };
		4D56053C2848106700F8EEAC /* OpeningsDetail.swift in Sources */ = {isa = PBXBuildFile; fileRef = 4D56053B2848106700F8EEAC /* OpeningsDetail.swift */; };
		4D56053E2848133700F8EEAC /* HolesSidebar.swift in Sources */ = {isa = PBXBuildFile; fileRef = 4D56053D2848133700F8EEAC /* HolesSidebar.swift */; };
		4D5605402848134C00F8EEAC /* HoleList.swift in Sources */ = {isa = PBXBuildFile; fileRef = 4D56053F2848134C00F8EEAC /* HoleList.swift */; };
		4D5605422848135D00F8EEAC /* HoleDetail.swift in Sources */ = {isa = PBXBuildFile; fileRef = 4D5605412848135D00F8EEAC /* HoleDetail.swift */; };
		4D70AB822847D6A00026C6EE /* ExpansionState.swift in Sources */ = {isa = PBXBuildFile; fileRef = 4D70AB812847D6A00026C6EE /* ExpansionState.swift */; };
		4D7F55E42842E01300B79127 /* BoxDesignerSettingsApp.swift in Sources */ = {isa = PBXBuildFile; fileRef = 4D7F55E32842E01300B79127 /* BoxDesignerSettingsApp.swift */; };
		4D7F55E62842E01300B79127 /* PreferencesView.swift in Sources */ = {isa = PBXBuildFile; fileRef = 4D7F55E52842E01300B79127 /* PreferencesView.swift */; };
		4D7F55E82842E01500B79127 /* Assets.xcassets in Resources */ = {isa = PBXBuildFile; fileRef = 4D7F55E72842E01500B79127 /* Assets.xcassets */; };
		4D7F55EB2842E01500B79127 /* Preview Assets.xcassets in Resources */ = {isa = PBXBuildFile; fileRef = 4D7F55EA2842E01500B79127 /* Preview Assets.xcassets */; };
		4D7F55F62842E01500B79127 /* BoxDesignerSettingsTests.swift in Sources */ = {isa = PBXBuildFile; fileRef = 4D7F55F52842E01500B79127 /* BoxDesignerSettingsTests.swift */; };
		4D7F56002842E01500B79127 /* BoxDesignerSettingsUITests.swift in Sources */ = {isa = PBXBuildFile; fileRef = 4D7F55FF2842E01500B79127 /* BoxDesignerSettingsUITests.swift */; };
		4D7F56022842E01500B79127 /* BoxDesignerSettingsUITestsLaunchTests.swift in Sources */ = {isa = PBXBuildFile; fileRef = 4D7F56012842E01500B79127 /* BoxDesignerSettingsUITestsLaunchTests.swift */; };
		4D7F56112842E12100B79127 /* Machine.swift in Sources */ = {isa = PBXBuildFile; fileRef = 4D7F56102842E12100B79127 /* Machine.swift */; };
		4D7F56132842E20800B79127 /* Materials.swift in Sources */ = {isa = PBXBuildFile; fileRef = 4D7F56122842E20800B79127 /* Materials.swift */; };
		4D7F56152842E24900B79127 /* Drill.swift in Sources */ = {isa = PBXBuildFile; fileRef = 4D7F56142842E24900B79127 /* Drill.swift */; };
		4D7F56172842E75200B79127 /* MachinePreferencesView.swift in Sources */ = {isa = PBXBuildFile; fileRef = 4D7F56162842E75200B79127 /* MachinePreferencesView.swift */; };
		4D7F56212842EF8D00B79127 /* MaterialDetail.swift in Sources */ = {isa = PBXBuildFile; fileRef = 4D7F56202842EF8D00B79127 /* MaterialDetail.swift */; };
		4DC04BEA28494B8A00670C83 /* DrillsView.swift in Sources */ = {isa = PBXBuildFile; fileRef = 4DC04BE928494B8A00670C83 /* DrillsView.swift */; };
		4DC04BEC28494BC900670C83 /* DrillsSidebar.swift in Sources */ = {isa = PBXBuildFile; fileRef = 4DC04BEB28494BC900670C83 /* DrillsSidebar.swift */; };
/* End PBXBuildFile section */

/* Begin PBXContainerItemProxy section */
		4D7F55F22842E01500B79127 /* PBXContainerItemProxy */ = {
			isa = PBXContainerItemProxy;
			containerPortal = 4D7F55D82842E01300B79127 /* Project object */;
			proxyType = 1;
			remoteGlobalIDString = 4D7F55DF2842E01300B79127;
			remoteInfo = BoxDesignerSettings;
		};
		4D7F55FC2842E01500B79127 /* PBXContainerItemProxy */ = {
			isa = PBXContainerItemProxy;
			containerPortal = 4D7F55D82842E01300B79127 /* Project object */;
			proxyType = 1;
			remoteGlobalIDString = 4D7F55DF2842E01300B79127;
			remoteInfo = BoxDesignerSettings;
		};
/* End PBXContainerItemProxy section */

/* Begin PBXFileReference section */
		4D2E074A2846BF900031D825 /* DeletePrompt.swift */ = {isa = PBXFileReference; lastKnownFileType = sourcecode.swift; path = DeletePrompt.swift; sourceTree = "<group>"; };
		4D2E07532846D9A80031D825 /* DrillDetail.swift */ = {isa = PBXFileReference; lastKnownFileType = sourcecode.swift; path = DrillDetail.swift; sourceTree = "<group>"; };
		4D5605302848048700F8EEAC /* OpeningsView.swift */ = {isa = PBXFileReference; lastKnownFileType = sourcecode.swift; path = OpeningsView.swift; sourceTree = "<group>"; };
		4D560533284804AB00F8EEAC /* HolesView.swift */ = {isa = PBXFileReference; lastKnownFileType = sourcecode.swift; path = HolesView.swift; sourceTree = "<group>"; };
		4D560535284805D900F8EEAC /* Hole.swift */ = {isa = PBXFileReference; lastKnownFileType = sourcecode.swift; path = Hole.swift; sourceTree = "<group>"; };
		4D560537284805E900F8EEAC /* Openings.swift */ = {isa = PBXFileReference; lastKnownFileType = sourcecode.swift; path = Openings.swift; sourceTree = "<group>"; };
		4D5605392848105600F8EEAC /* OpeningsSidebar.swift */ = {isa = PBXFileReference; lastKnownFileType = sourcecode.swift; path = OpeningsSidebar.swift; sourceTree = "<group>"; };
		4D56053B2848106700F8EEAC /* OpeningsDetail.swift */ = {isa = PBXFileReference; lastKnownFileType = sourcecode.swift; path = OpeningsDetail.swift; sourceTree = "<group>"; };
		4D56053D2848133700F8EEAC /* HolesSidebar.swift */ = {isa = PBXFileReference; lastKnownFileType = sourcecode.swift; path = HolesSidebar.swift; sourceTree = "<group>"; };
		4D56053F2848134C00F8EEAC /* HoleList.swift */ = {isa = PBXFileReference; lastKnownFileType = sourcecode.swift; path = HoleList.swift; sourceTree = "<group>"; };
		4D5605412848135D00F8EEAC /* HoleDetail.swift */ = {isa = PBXFileReference; lastKnownFileType = sourcecode.swift; path = HoleDetail.swift; sourceTree = "<group>"; };
		4D70AB812847D6A00026C6EE /* ExpansionState.swift */ = {isa = PBXFileReference; fileEncoding = 4; lastKnownFileType = sourcecode.swift; path = ExpansionState.swift; sourceTree = "<group>"; };
		4D7F55E02842E01300B79127 /* BoxDesignerSettings.app */ = {isa = PBXFileReference; explicitFileType = wrapper.application; includeInIndex = 0; path = BoxDesignerSettings.app; sourceTree = BUILT_PRODUCTS_DIR; };
		4D7F55E32842E01300B79127 /* BoxDesignerSettingsApp.swift */ = {isa = PBXFileReference; lastKnownFileType = sourcecode.swift; path = BoxDesignerSettingsApp.swift; sourceTree = "<group>"; };
		4D7F55E52842E01300B79127 /* PreferencesView.swift */ = {isa = PBXFileReference; lastKnownFileType = sourcecode.swift; path = PreferencesView.swift; sourceTree = "<group>"; };
		4D7F55E72842E01500B79127 /* Assets.xcassets */ = {isa = PBXFileReference; lastKnownFileType = folder.assetcatalog; path = Assets.xcassets; sourceTree = "<group>"; };
		4D7F55EA2842E01500B79127 /* Preview Assets.xcassets */ = {isa = PBXFileReference; lastKnownFileType = folder.assetcatalog; path = "Preview Assets.xcassets"; sourceTree = "<group>"; };
		4D7F55EC2842E01500B79127 /* BoxDesignerSettings.entitlements */ = {isa = PBXFileReference; lastKnownFileType = text.plist.entitlements; path = BoxDesignerSettings.entitlements; sourceTree = "<group>"; };
		4D7F55F12842E01500B79127 /* BoxDesignerSettingsTests.xctest */ = {isa = PBXFileReference; explicitFileType = wrapper.cfbundle; includeInIndex = 0; path = BoxDesignerSettingsTests.xctest; sourceTree = BUILT_PRODUCTS_DIR; };
		4D7F55F52842E01500B79127 /* BoxDesignerSettingsTests.swift */ = {isa = PBXFileReference; lastKnownFileType = sourcecode.swift; path = BoxDesignerSettingsTests.swift; sourceTree = "<group>"; };
		4D7F55FB2842E01500B79127 /* BoxDesignerSettingsUITests.xctest */ = {isa = PBXFileReference; explicitFileType = wrapper.cfbundle; includeInIndex = 0; path = BoxDesignerSettingsUITests.xctest; sourceTree = BUILT_PRODUCTS_DIR; };
		4D7F55FF2842E01500B79127 /* BoxDesignerSettingsUITests.swift */ = {isa = PBXFileReference; lastKnownFileType = sourcecode.swift; path = BoxDesignerSettingsUITests.swift; sourceTree = "<group>"; };
		4D7F56012842E01500B79127 /* BoxDesignerSettingsUITestsLaunchTests.swift */ = {isa = PBXFileReference; lastKnownFileType = sourcecode.swift; path = BoxDesignerSettingsUITestsLaunchTests.swift; sourceTree = "<group>"; };
		4D7F56102842E12100B79127 /* Machine.swift */ = {isa = PBXFileReference; fileEncoding = 4; lastKnownFileType = sourcecode.swift; path = Machine.swift; sourceTree = "<group>"; };
		4D7F56122842E20800B79127 /* Materials.swift */ = {isa = PBXFileReference; lastKnownFileType = sourcecode.swift; path = Materials.swift; sourceTree = "<group>"; };
		4D7F56142842E24900B79127 /* Drill.swift */ = {isa = PBXFileReference; fileEncoding = 4; lastKnownFileType = sourcecode.swift; path = Drill.swift; sourceTree = "<group>"; };
		4D7F56162842E75200B79127 /* MachinePreferencesView.swift */ = {isa = PBXFileReference; fileEncoding = 4; lastKnownFileType = sourcecode.swift; path = MachinePreferencesView.swift; sourceTree = "<group>"; };
		4D7F56202842EF8D00B79127 /* MaterialDetail.swift */ = {isa = PBXFileReference; lastKnownFileType = sourcecode.swift; path = MaterialDetail.swift; sourceTree = "<group>"; };
		4DC04BE928494B8A00670C83 /* DrillsView.swift */ = {isa = PBXFileReference; lastKnownFileType = sourcecode.swift; path = DrillsView.swift; sourceTree = "<group>"; };
		4DC04BEB28494BC900670C83 /* DrillsSidebar.swift */ = {isa = PBXFileReference; lastKnownFileType = sourcecode.swift; path = DrillsSidebar.swift; sourceTree = "<group>"; };
/* End PBXFileReference section */

/* Begin PBXFrameworksBuildPhase section */
		4D7F55DD2842E01300B79127 /* Frameworks */ = {
			isa = PBXFrameworksBuildPhase;
			buildActionMask = 2147483647;
			files = (
			);
			runOnlyForDeploymentPostprocessing = 0;
		};
		4D7F55EE2842E01500B79127 /* Frameworks */ = {
			isa = PBXFrameworksBuildPhase;
			buildActionMask = 2147483647;
			files = (
			);
			runOnlyForDeploymentPostprocessing = 0;
		};
		4D7F55F82842E01500B79127 /* Frameworks */ = {
			isa = PBXFrameworksBuildPhase;
			buildActionMask = 2147483647;
			files = (
			);
			runOnlyForDeploymentPostprocessing = 0;
		};
/* End PBXFrameworksBuildPhase section */

/* Begin PBXGroup section */
		4D2E07472846BF620031D825 /* Support */ = {
			isa = PBXGroup;
			children = (
				4D2E074A2846BF900031D825 /* DeletePrompt.swift */,
			);
			path = Support;
			sourceTree = "<group>";
		};
		4D2E074C2846D8310031D825 /* Drills */ = {
			isa = PBXGroup;
			children = (
				4DC04BE928494B8A00670C83 /* DrillsView.swift */,
				4DC04BEB28494BC900670C83 /* DrillsSidebar.swift */,
				4D2E07532846D9A80031D825 /* DrillDetail.swift */,
				4D7F56202842EF8D00B79127 /* MaterialDetail.swift */,
			);
			path = Drills;
			sourceTree = "<group>";
		};
		4D5605322848049A00F8EEAC /* Holes */ = {
			isa = PBXGroup;
			children = (
				4D560533284804AB00F8EEAC /* HolesView.swift */,
				4D56053D2848133700F8EEAC /* HolesSidebar.swift */,
				4D56053F2848134C00F8EEAC /* HoleList.swift */,
				4D5605412848135D00F8EEAC /* HoleDetail.swift */,
			);
			path = Holes;
			sourceTree = "<group>";
		};
		4D70AB802847D6460026C6EE /* Support */ = {
			isa = PBXGroup;
			children = (
				4D70AB812847D6A00026C6EE /* ExpansionState.swift */,
			);
			path = Support;
			sourceTree = "<group>";
		};
		4D7F55D72842E01300B79127 = {
			isa = PBXGroup;
			children = (
				4D7F55E22842E01300B79127 /* BoxDesignerSettings */,
				4D7F55F42842E01500B79127 /* BoxDesignerSettingsTests */,
				4D7F55FE2842E01500B79127 /* BoxDesignerSettingsUITests */,
				4D7F55E12842E01300B79127 /* Products */,
			);
			sourceTree = "<group>";
		};
		4D7F55E12842E01300B79127 /* Products */ = {
			isa = PBXGroup;
			children = (
				4D7F55E02842E01300B79127 /* BoxDesignerSettings.app */,
				4D7F55F12842E01500B79127 /* BoxDesignerSettingsTests.xctest */,
				4D7F55FB2842E01500B79127 /* BoxDesignerSettingsUITests.xctest */,
			);
			name = Products;
			sourceTree = "<group>";
		};
		4D7F55E22842E01300B79127 /* BoxDesignerSettings */ = {
			isa = PBXGroup;
			children = (
				4D7F55E32842E01300B79127 /* BoxDesignerSettingsApp.swift */,
				4D7F560F2842E10600B79127 /* Models */,
				4D7F560E2842E0EE00B79127 /* Views */,
				4D70AB802847D6460026C6EE /* Support */,
				4D7F55E72842E01500B79127 /* Assets.xcassets */,
				4D7F55EC2842E01500B79127 /* BoxDesignerSettings.entitlements */,
				4D7F55E92842E01500B79127 /* Preview Content */,
			);
			path = BoxDesignerSettings;
			sourceTree = "<group>";
		};
		4D7F55E92842E01500B79127 /* Preview Content */ = {
			isa = PBXGroup;
			children = (
				4D7F55EA2842E01500B79127 /* Preview Assets.xcassets */,
			);
			path = "Preview Content";
			sourceTree = "<group>";
		};
		4D7F55F42842E01500B79127 /* BoxDesignerSettingsTests */ = {
			isa = PBXGroup;
			children = (
				4D7F55F52842E01500B79127 /* BoxDesignerSettingsTests.swift */,
			);
			path = BoxDesignerSettingsTests;
			sourceTree = "<group>";
		};
		4D7F55FE2842E01500B79127 /* BoxDesignerSettingsUITests */ = {
			isa = PBXGroup;
			children = (
				4D7F55FF2842E01500B79127 /* BoxDesignerSettingsUITests.swift */,
				4D7F56012842E01500B79127 /* BoxDesignerSettingsUITestsLaunchTests.swift */,
			);
			path = BoxDesignerSettingsUITests;
			sourceTree = "<group>";
		};
		4D7F560E2842E0EE00B79127 /* Views */ = {
			isa = PBXGroup;
			children = (
				4D7F55E52842E01300B79127 /* PreferencesView.swift */,
				4D7F56182842E86700B79127 /* Preferences */,
			);
			path = Views;
			sourceTree = "<group>";
		};
		4D7F560F2842E10600B79127 /* Models */ = {
			isa = PBXGroup;
			children = (
				4D7F56142842E24900B79127 /* Drill.swift */,
				4D7F56102842E12100B79127 /* Machine.swift */,
				4D7F56122842E20800B79127 /* Materials.swift */,
				4D560535284805D900F8EEAC /* Hole.swift */,
				4D560537284805E900F8EEAC /* Openings.swift */,
			);
			path = Models;
			sourceTree = "<group>";
		};
		4D7F56182842E86700B79127 /* Preferences */ = {
			isa = PBXGroup;
			children = (
				4D2E074C2846D8310031D825 /* Drills */,
				4D5605322848049A00F8EEAC /* Holes */,
				4D7F56192842E8C300B79127 /* Machine */,
				4D7F561A2842E8D100B79127 /* Materials */,
				4D7F561B2842E8E300B79127 /* Openings */,
				4D2E07472846BF620031D825 /* Support */,
			);
			path = Preferences;
			sourceTree = "<group>";
		};
		4D7F56192842E8C300B79127 /* Machine */ = {
			isa = PBXGroup;
			children = (
				4D7F56162842E75200B79127 /* MachinePreferencesView.swift */,
			);
			path = Machine;
			sourceTree = "<group>";
		};
		4D7F561A2842E8D100B79127 /* Materials */ = {
			isa = PBXGroup;
			children = (
			);
			path = Materials;
			sourceTree = "<group>";
		};
		4D7F561B2842E8E300B79127 /* Openings */ = {
			isa = PBXGroup;
			children = (
				4D5605302848048700F8EEAC /* OpeningsView.swift */,
				4D5605392848105600F8EEAC /* OpeningsSidebar.swift */,
				4D56053B2848106700F8EEAC /* OpeningsDetail.swift */,
			);
			path = Openings;
			sourceTree = "<group>";
		};
/* End PBXGroup section */

/* Begin PBXNativeTarget section */
		4D7F55DF2842E01300B79127 /* BoxDesignerSettings */ = {
			isa = PBXNativeTarget;
			buildConfigurationList = 4D7F56052842E01500B79127 /* Build configuration list for PBXNativeTarget "BoxDesignerSettings" */;
			buildPhases = (
				4D7F55DC2842E01300B79127 /* Sources */,
				4D7F55DD2842E01300B79127 /* Frameworks */,
				4D7F55DE2842E01300B79127 /* Resources */,
			);
			buildRules = (
			);
			dependencies = (
			);
			name = BoxDesignerSettings;
			productName = BoxDesignerSettings;
			productReference = 4D7F55E02842E01300B79127 /* BoxDesignerSettings.app */;
			productType = "com.apple.product-type.application";
		};
		4D7F55F02842E01500B79127 /* BoxDesignerSettingsTests */ = {
			isa = PBXNativeTarget;
			buildConfigurationList = 4D7F56082842E01500B79127 /* Build configuration list for PBXNativeTarget "BoxDesignerSettingsTests" */;
			buildPhases = (
				4D7F55ED2842E01500B79127 /* Sources */,
				4D7F55EE2842E01500B79127 /* Frameworks */,
				4D7F55EF2842E01500B79127 /* Resources */,
			);
			buildRules = (
			);
			dependencies = (
				4D7F55F32842E01500B79127 /* PBXTargetDependency */,
			);
			name = BoxDesignerSettingsTests;
			productName = BoxDesignerSettingsTests;
			productReference = 4D7F55F12842E01500B79127 /* BoxDesignerSettingsTests.xctest */;
			productType = "com.apple.product-type.bundle.unit-test";
		};
		4D7F55FA2842E01500B79127 /* BoxDesignerSettingsUITests */ = {
			isa = PBXNativeTarget;
			buildConfigurationList = 4D7F560B2842E01500B79127 /* Build configuration list for PBXNativeTarget "BoxDesignerSettingsUITests" */;
			buildPhases = (
				4D7F55F72842E01500B79127 /* Sources */,
				4D7F55F82842E01500B79127 /* Frameworks */,
				4D7F55F92842E01500B79127 /* Resources */,
			);
			buildRules = (
			);
			dependencies = (
				4D7F55FD2842E01500B79127 /* PBXTargetDependency */,
			);
			name = BoxDesignerSettingsUITests;
			productName = BoxDesignerSettingsUITests;
			productReference = 4D7F55FB2842E01500B79127 /* BoxDesignerSettingsUITests.xctest */;
			productType = "com.apple.product-type.bundle.ui-testing";
		};
/* End PBXNativeTarget section */

/* Begin PBXProject section */
		4D7F55D82842E01300B79127 /* Project object */ = {
			isa = PBXProject;
			attributes = {
				BuildIndependentTargetsInParallel = 1;
				LastSwiftUpdateCheck = 1340;
				LastUpgradeCheck = 1340;
				TargetAttributes = {
					4D7F55DF2842E01300B79127 = {
						CreatedOnToolsVersion = 13.4;
					};
					4D7F55F02842E01500B79127 = {
						CreatedOnToolsVersion = 13.4;
						TestTargetID = 4D7F55DF2842E01300B79127;
					};
					4D7F55FA2842E01500B79127 = {
						CreatedOnToolsVersion = 13.4;
						TestTargetID = 4D7F55DF2842E01300B79127;
					};
				};
			};
			buildConfigurationList = 4D7F55DB2842E01300B79127 /* Build configuration list for PBXProject "BoxDesignerSettings" */;
			compatibilityVersion = "Xcode 13.0";
			developmentRegion = en;
			hasScannedForEncodings = 0;
			knownRegions = (
				en,
				Base,
			);
			mainGroup = 4D7F55D72842E01300B79127;
			productRefGroup = 4D7F55E12842E01300B79127 /* Products */;
			projectDirPath = "";
			projectRoot = "";
			targets = (
				4D7F55DF2842E01300B79127 /* BoxDesignerSettings */,
				4D7F55F02842E01500B79127 /* BoxDesignerSettingsTests */,
				4D7F55FA2842E01500B79127 /* BoxDesignerSettingsUITests */,
			);
		};
/* End PBXProject section */

/* Begin PBXResourcesBuildPhase section */
		4D7F55DE2842E01300B79127 /* Resources */ = {
			isa = PBXResourcesBuildPhase;
			buildActionMask = 2147483647;
			files = (
				4D7F55EB2842E01500B79127 /* Preview Assets.xcassets in Resources */,
				4D7F55E82842E01500B79127 /* Assets.xcassets in Resources */,
			);
			runOnlyForDeploymentPostprocessing = 0;
		};
		4D7F55EF2842E01500B79127 /* Resources */ = {
			isa = PBXResourcesBuildPhase;
			buildActionMask = 2147483647;
			files = (
			);
			runOnlyForDeploymentPostprocessing = 0;
		};
		4D7F55F92842E01500B79127 /* Resources */ = {
			isa = PBXResourcesBuildPhase;
			buildActionMask = 2147483647;
			files = (
			);
			runOnlyForDeploymentPostprocessing = 0;
		};
/* End PBXResourcesBuildPhase section */

/* Begin PBXSourcesBuildPhase section */
		4D7F55DC2842E01300B79127 /* Sources */ = {
			isa = PBXSourcesBuildPhase;
			buildActionMask = 2147483647;
			files = (
				4D7F56212842EF8D00B79127 /* MaterialDetail.swift in Sources */,
				4D7F56132842E20800B79127 /* Materials.swift in Sources */,
				4D5605402848134C00F8EEAC /* HoleList.swift in Sources */,
				4D7F56172842E75200B79127 /* MachinePreferencesView.swift in Sources */,
				4D7F55E62842E01300B79127 /* PreferencesView.swift in Sources */,
				4D70AB822847D6A00026C6EE /* ExpansionState.swift in Sources */,
				4D7F55E42842E01300B79127 /* BoxDesignerSettingsApp.swift in Sources */,
				4D560538284805E900F8EEAC /* Openings.swift in Sources */,
				4D560534284804AB00F8EEAC /* HolesView.swift in Sources */,
				4D56053C2848106700F8EEAC /* OpeningsDetail.swift in Sources */,
				4DC04BEC28494BC900670C83 /* DrillsSidebar.swift in Sources */,
				4DC04BEA28494B8A00670C83 /* DrillsView.swift in Sources */,
				4D560536284805D900F8EEAC /* Hole.swift in Sources */,
				4D56053E2848133700F8EEAC /* HolesSidebar.swift in Sources */,
				4D2E074B2846BF900031D825 /* DeletePrompt.swift in Sources */,
				4D5605312848048700F8EEAC /* OpeningsView.swift in Sources */,
				4D7F56152842E24900B79127 /* Drill.swift in Sources */,
				4D56053A2848105600F8EEAC /* OpeningsSidebar.swift in Sources */,
				4D2E07542846D9A80031D825 /* DrillDetail.swift in Sources */,
				4D5605422848135D00F8EEAC /* HoleDetail.swift in Sources */,
				4D7F56112842E12100B79127 /* Machine.swift in Sources */,
			);
			runOnlyForDeploymentPostprocessing = 0;
		};
		4D7F55ED2842E01500B79127 /* Sources */ = {
			isa = PBXSourcesBuildPhase;
			buildActionMask = 2147483647;
			files = (
				4D7F55F62842E01500B79127 /* BoxDesignerSettingsTests.swift in Sources */,
			);
			runOnlyForDeploymentPostprocessing = 0;
		};
		4D7F55F72842E01500B79127 /* Sources */ = {
			isa = PBXSourcesBuildPhase;
			buildActionMask = 2147483647;
			files = (
				4D7F56022842E01500B79127 /* BoxDesignerSettingsUITestsLaunchTests.swift in Sources */,
				4D7F56002842E01500B79127 /* BoxDesignerSettingsUITests.swift in Sources */,
			);
			runOnlyForDeploymentPostprocessing = 0;
		};
/* End PBXSourcesBuildPhase section */

/* Begin PBXTargetDependency section */
		4D7F55F32842E01500B79127 /* PBXTargetDependency */ = {
			isa = PBXTargetDependency;
			target = 4D7F55DF2842E01300B79127 /* BoxDesignerSettings */;
			targetProxy = 4D7F55F22842E01500B79127 /* PBXContainerItemProxy */;
		};
		4D7F55FD2842E01500B79127 /* PBXTargetDependency */ = {
			isa = PBXTargetDependency;
			target = 4D7F55DF2842E01300B79127 /* BoxDesignerSettings */;
			targetProxy = 4D7F55FC2842E01500B79127 /* PBXContainerItemProxy */;
		};
/* End PBXTargetDependency section */

/* Begin XCBuildConfiguration section */
		4D7F56032842E01500B79127 /* Debug */ = {
			isa = XCBuildConfiguration;
			buildSettings = {
				ALWAYS_SEARCH_USER_PATHS = NO;
				CLANG_ANALYZER_NONNULL = YES;
				CLANG_ANALYZER_NUMBER_OBJECT_CONVERSION = YES_AGGRESSIVE;
				CLANG_CXX_LANGUAGE_STANDARD = "gnu++17";
				CLANG_ENABLE_MODULES = YES;
				CLANG_ENABLE_OBJC_ARC = YES;
				CLANG_ENABLE_OBJC_WEAK = YES;
				CLANG_WARN_BLOCK_CAPTURE_AUTORELEASING = YES;
				CLANG_WARN_BOOL_CONVERSION = YES;
				CLANG_WARN_COMMA = YES;
				CLANG_WARN_CONSTANT_CONVERSION = YES;
				CLANG_WARN_DEPRECATED_OBJC_IMPLEMENTATIONS = YES;
				CLANG_WARN_DIRECT_OBJC_ISA_USAGE = YES_ERROR;
				CLANG_WARN_DOCUMENTATION_COMMENTS = YES;
				CLANG_WARN_EMPTY_BODY = YES;
				CLANG_WARN_ENUM_CONVERSION = YES;
				CLANG_WARN_INFINITE_RECURSION = YES;
				CLANG_WARN_INT_CONVERSION = YES;
				CLANG_WARN_NON_LITERAL_NULL_CONVERSION = YES;
				CLANG_WARN_OBJC_IMPLICIT_RETAIN_SELF = YES;
				CLANG_WARN_OBJC_LITERAL_CONVERSION = YES;
				CLANG_WARN_OBJC_ROOT_CLASS = YES_ERROR;
				CLANG_WARN_QUOTED_INCLUDE_IN_FRAMEWORK_HEADER = YES;
				CLANG_WARN_RANGE_LOOP_ANALYSIS = YES;
				CLANG_WARN_STRICT_PROTOTYPES = YES;
				CLANG_WARN_SUSPICIOUS_MOVE = YES;
				CLANG_WARN_UNGUARDED_AVAILABILITY = YES_AGGRESSIVE;
				CLANG_WARN_UNREACHABLE_CODE = YES;
				CLANG_WARN__DUPLICATE_METHOD_MATCH = YES;
				COPY_PHASE_STRIP = NO;
				DEBUG_INFORMATION_FORMAT = dwarf;
				ENABLE_STRICT_OBJC_MSGSEND = YES;
				ENABLE_TESTABILITY = YES;
				GCC_C_LANGUAGE_STANDARD = gnu11;
				GCC_DYNAMIC_NO_PIC = NO;
				GCC_NO_COMMON_BLOCKS = YES;
				GCC_OPTIMIZATION_LEVEL = 0;
				GCC_PREPROCESSOR_DEFINITIONS = (
					"DEBUG=1",
					"$(inherited)",
				);
				GCC_WARN_64_TO_32_BIT_CONVERSION = YES;
				GCC_WARN_ABOUT_RETURN_TYPE = YES_ERROR;
				GCC_WARN_UNDECLARED_SELECTOR = YES;
				GCC_WARN_UNINITIALIZED_AUTOS = YES_AGGRESSIVE;
				GCC_WARN_UNUSED_FUNCTION = YES;
				GCC_WARN_UNUSED_VARIABLE = YES;
				MACOSX_DEPLOYMENT_TARGET = 12.3;
				MTL_ENABLE_DEBUG_INFO = INCLUDE_SOURCE;
				MTL_FAST_MATH = YES;
				ONLY_ACTIVE_ARCH = YES;
				SDKROOT = macosx;
				SWIFT_ACTIVE_COMPILATION_CONDITIONS = DEBUG;
				SWIFT_OPTIMIZATION_LEVEL = "-Onone";
			};
			name = Debug;
		};
		4D7F56042842E01500B79127 /* Release */ = {
			isa = XCBuildConfiguration;
			buildSettings = {
				ALWAYS_SEARCH_USER_PATHS = NO;
				CLANG_ANALYZER_NONNULL = YES;
				CLANG_ANALYZER_NUMBER_OBJECT_CONVERSION = YES_AGGRESSIVE;
				CLANG_CXX_LANGUAGE_STANDARD = "gnu++17";
				CLANG_ENABLE_MODULES = YES;
				CLANG_ENABLE_OBJC_ARC = YES;
				CLANG_ENABLE_OBJC_WEAK = YES;
				CLANG_WARN_BLOCK_CAPTURE_AUTORELEASING = YES;
				CLANG_WARN_BOOL_CONVERSION = YES;
				CLANG_WARN_COMMA = YES;
				CLANG_WARN_CONSTANT_CONVERSION = YES;
				CLANG_WARN_DEPRECATED_OBJC_IMPLEMENTATIONS = YES;
				CLANG_WARN_DIRECT_OBJC_ISA_USAGE = YES_ERROR;
				CLANG_WARN_DOCUMENTATION_COMMENTS = YES;
				CLANG_WARN_EMPTY_BODY = YES;
				CLANG_WARN_ENUM_CONVERSION = YES;
				CLANG_WARN_INFINITE_RECURSION = YES;
				CLANG_WARN_INT_CONVERSION = YES;
				CLANG_WARN_NON_LITERAL_NULL_CONVERSION = YES;
				CLANG_WARN_OBJC_IMPLICIT_RETAIN_SELF = YES;
				CLANG_WARN_OBJC_LITERAL_CONVERSION = YES;
				CLANG_WARN_OBJC_ROOT_CLASS = YES_ERROR;
				CLANG_WARN_QUOTED_INCLUDE_IN_FRAMEWORK_HEADER = YES;
				CLANG_WARN_RANGE_LOOP_ANALYSIS = YES;
				CLANG_WARN_STRICT_PROTOTYPES = YES;
				CLANG_WARN_SUSPICIOUS_MOVE = YES;
				CLANG_WARN_UNGUARDED_AVAILABILITY = YES_AGGRESSIVE;
				CLANG_WARN_UNREACHABLE_CODE = YES;
				CLANG_WARN__DUPLICATE_METHOD_MATCH = YES;
				COPY_PHASE_STRIP = NO;
				DEBUG_INFORMATION_FORMAT = "dwarf-with-dsym";
				ENABLE_NS_ASSERTIONS = NO;
				ENABLE_STRICT_OBJC_MSGSEND = YES;
				GCC_C_LANGUAGE_STANDARD = gnu11;
				GCC_NO_COMMON_BLOCKS = YES;
				GCC_WARN_64_TO_32_BIT_CONVERSION = YES;
				GCC_WARN_ABOUT_RETURN_TYPE = YES_ERROR;
				GCC_WARN_UNDECLARED_SELECTOR = YES;
				GCC_WARN_UNINITIALIZED_AUTOS = YES_AGGRESSIVE;
				GCC_WARN_UNUSED_FUNCTION = YES;
				GCC_WARN_UNUSED_VARIABLE = YES;
				MACOSX_DEPLOYMENT_TARGET = 12.3;
				MTL_ENABLE_DEBUG_INFO = NO;
				MTL_FAST_MATH = YES;
				SDKROOT = macosx;
				SWIFT_COMPILATION_MODE = wholemodule;
				SWIFT_OPTIMIZATION_LEVEL = "-O";
			};
			name = Release;
		};
		4D7F56062842E01500B79127 /* Debug */ = {
			isa = XCBuildConfiguration;
			buildSettings = {
				ASSETCATALOG_COMPILER_APPICON_NAME = AppIcon;
				ASSETCATALOG_COMPILER_GLOBAL_ACCENT_COLOR_NAME = AccentColor;
				CODE_SIGN_ENTITLEMENTS = BoxDesignerSettings/BoxDesignerSettings.entitlements;
				CODE_SIGN_STYLE = Automatic;
				COMBINE_HIDPI_IMAGES = YES;
				CURRENT_PROJECT_VERSION = 1;
				DEVELOPMENT_ASSET_PATHS = "\"BoxDesignerSettings/Preview Content\"";
				DEVELOPMENT_TEAM = 566Y4FXUU7;
				ENABLE_HARDENED_RUNTIME = YES;
				ENABLE_PREVIEWS = YES;
				GENERATE_INFOPLIST_FILE = YES;
				INFOPLIST_KEY_NSHumanReadableCopyright = "";
				LD_RUNPATH_SEARCH_PATHS = (
					"$(inherited)",
					"@executable_path/../Frameworks",
				);
				MARKETING_VERSION = 1.0;
				PRODUCT_BUNDLE_IDENTIFIER = com.microenh.BoxDesignerSettings;
				PRODUCT_NAME = "$(TARGET_NAME)";
				SWIFT_EMIT_LOC_STRINGS = YES;
				SWIFT_VERSION = 5.0;
			};
			name = Debug;
		};
		4D7F56072842E01500B79127 /* Release */ = {
			isa = XCBuildConfiguration;
			buildSettings = {
				ASSETCATALOG_COMPILER_APPICON_NAME = AppIcon;
				ASSETCATALOG_COMPILER_GLOBAL_ACCENT_COLOR_NAME = AccentColor;
				CODE_SIGN_ENTITLEMENTS = BoxDesignerSettings/BoxDesignerSettings.entitlements;
				CODE_SIGN_STYLE = Automatic;
				COMBINE_HIDPI_IMAGES = YES;
				CURRENT_PROJECT_VERSION = 1;
				DEVELOPMENT_ASSET_PATHS = "\"BoxDesignerSettings/Preview Content\"";
				DEVELOPMENT_TEAM = 566Y4FXUU7;
				ENABLE_HARDENED_RUNTIME = YES;
				ENABLE_PREVIEWS = YES;
				GENERATE_INFOPLIST_FILE = YES;
				INFOPLIST_KEY_NSHumanReadableCopyright = "";
				LD_RUNPATH_SEARCH_PATHS = (
					"$(inherited)",
					"@executable_path/../Frameworks",
				);
				MARKETING_VERSION = 1.0;
				PRODUCT_BUNDLE_IDENTIFIER = com.microenh.BoxDesignerSettings;
				PRODUCT_NAME = "$(TARGET_NAME)";
				SWIFT_EMIT_LOC_STRINGS = YES;
				SWIFT_VERSION = 5.0;
			};
			name = Release;
		};
		4D7F56092842E01500B79127 /* Debug */ = {
			isa = XCBuildConfiguration;
			buildSettings = {
				ALWAYS_EMBED_SWIFT_STANDARD_LIBRARIES = YES;
				BUNDLE_LOADER = "$(TEST_HOST)";
				CODE_SIGN_STYLE = Automatic;
				CURRENT_PROJECT_VERSION = 1;
				DEVELOPMENT_TEAM = 566Y4FXUU7;
				GENERATE_INFOPLIST_FILE = YES;
				MACOSX_DEPLOYMENT_TARGET = 12.3;
				MARKETING_VERSION = 1.0;
				PRODUCT_BUNDLE_IDENTIFIER = com.microenh.BoxDesignerSettingsTests;
				PRODUCT_NAME = "$(TARGET_NAME)";
				SWIFT_EMIT_LOC_STRINGS = NO;
				SWIFT_VERSION = 5.0;
				TEST_HOST = "$(BUILT_PRODUCTS_DIR)/BoxDesignerSettings.app/Contents/MacOS/BoxDesignerSettings";
			};
			name = Debug;
		};
		4D7F560A2842E01500B79127 /* Release */ = {
			isa = XCBuildConfiguration;
			buildSettings = {
				ALWAYS_EMBED_SWIFT_STANDARD_LIBRARIES = YES;
				BUNDLE_LOADER = "$(TEST_HOST)";
				CODE_SIGN_STYLE = Automatic;
				CURRENT_PROJECT_VERSION = 1;
				DEVELOPMENT_TEAM = 566Y4FXUU7;
				GENERATE_INFOPLIST_FILE = YES;
				MACOSX_DEPLOYMENT_TARGET = 12.3;
				MARKETING_VERSION = 1.0;
				PRODUCT_BUNDLE_IDENTIFIER = com.microenh.BoxDesignerSettingsTests;
				PRODUCT_NAME = "$(TARGET_NAME)";
				SWIFT_EMIT_LOC_STRINGS = NO;
				SWIFT_VERSION = 5.0;
				TEST_HOST = "$(BUILT_PRODUCTS_DIR)/BoxDesignerSettings.app/Contents/MacOS/BoxDesignerSettings";
			};
			name = Release;
		};
		4D7F560C2842E01500B79127 /* Debug */ = {
			isa = XCBuildConfiguration;
			buildSettings = {
				ALWAYS_EMBED_SWIFT_STANDARD_LIBRARIES = YES;
				CODE_SIGN_STYLE = Automatic;
				CURRENT_PROJECT_VERSION = 1;
				DEVELOPMENT_TEAM = 566Y4FXUU7;
				GENERATE_INFOPLIST_FILE = YES;
				MARKETING_VERSION = 1.0;
				PRODUCT_BUNDLE_IDENTIFIER = com.microenh.BoxDesignerSettingsUITests;
				PRODUCT_NAME = "$(TARGET_NAME)";
				SWIFT_EMIT_LOC_STRINGS = NO;
				SWIFT_VERSION = 5.0;
				TEST_TARGET_NAME = BoxDesignerSettings;
			};
			name = Debug;
		};
		4D7F560D2842E01500B79127 /* Release */ = {
			isa = XCBuildConfiguration;
			buildSettings = {
				ALWAYS_EMBED_SWIFT_STANDARD_LIBRARIES = YES;
				CODE_SIGN_STYLE = Automatic;
				CURRENT_PROJECT_VERSION = 1;
				DEVELOPMENT_TEAM = 566Y4FXUU7;
				GENERATE_INFOPLIST_FILE = YES;
				MARKETING_VERSION = 1.0;
				PRODUCT_BUNDLE_IDENTIFIER = com.microenh.BoxDesignerSettingsUITests;
				PRODUCT_NAME = "$(TARGET_NAME)";
				SWIFT_EMIT_LOC_STRINGS = NO;
				SWIFT_VERSION = 5.0;
				TEST_TARGET_NAME = BoxDesignerSettings;
			};
			name = Release;
		};
/* End XCBuildConfiguration section */

/* Begin XCConfigurationList section */
		4D7F55DB2842E01300B79127 /* Build configuration list for PBXProject "BoxDesignerSettings" */ = {
			isa = XCConfigurationList;
			buildConfigurations = (
				4D7F56032842E01500B79127 /* Debug */,
				4D7F56042842E01500B79127 /* Release */,
			);
			defaultConfigurationIsVisible = 0;
			defaultConfigurationName = Release;
		};
		4D7F56052842E01500B79127 /* Build configuration list for PBXNativeTarget "BoxDesignerSettings" */ = {
			isa = XCConfigurationList;
			buildConfigurations = (
				4D7F56062842E01500B79127 /* Debug */,
				4D7F56072842E01500B79127 /* Release */,
			);
			defaultConfigurationIsVisible = 0;
			defaultConfigurationName = Release;
		};
		4D7F56082842E01500B79127 /* Build configuration list for PBXNativeTarget "BoxDesignerSettingsTests" */ = {
			isa = XCConfigurationList;
			buildConfigurations = (
				4D7F56092842E01500B79127 /* Debug */,
				4D7F560A2842E01500B79127 /* Release */,
			);
			defaultConfigurationIsVisible = 0;
			defaultConfigurationName = Release;
		};
		4D7F560B2842E01500B79127 /* Build configuration list for PBXNativeTarget "BoxDesignerSettingsUITests" */ = {
			isa = XCConfigurationList;
			buildConfigurations = (
				4D7F560C2842E01500B79127 /* Debug */,
				4D7F560D2842E01500B79127 /* Release */,
			);
			defaultConfigurationIsVisible = 0;
			defaultConfigurationName = Release;
		};
/* End XCConfigurationList section */
	};
	rootObject = 4D7F55D82842E01300B79127 /* Project object */;
}
